github.com/buger/jsonparser v0.0.0-20181115193947-bf1c66bbce23 h1:D21IyuvjDCshj1/qq+pCNd3VZOAEI9jy6Bi131YlXgI=
github.com/buger/jsonparser v0.0.0-20181115193947-bf1c66bbce23/go.mod h1:bbYlZJ7hK1yFx9hf58LP0zeX7UjIGs20ufpu3evjr+s=
github.com/bwmarrin/discordgo v0.18.0 h1:XopVQXCIFy7Cr2eT7NcYcm4k0l2PYX+AP5RUbIWX2/8=
github.com/bwmarrin/discordgo v0.18.0/go.mod h1:5NIvFv5Z7HddYuXbuQegZ684DleQaCFqChP2iuBivJ8=
github.com/bwmarrin/discordgo v0.19.0 h1:kMED/DB0NR1QhRcalb85w0Cu3Ep2OrGAqZH1R5awQiY=
github.com/bwmarrin/discordgo v0.19.0/go.mod h1:O9S4p+ofTFwB02em7jkpkV8M3R0/PUVOwN61zSZ0r4Q=
github.com/gorilla/websocket v1.3.0 h1:r/LXc0VJIMd0rCMsc6DxgczaQtoCwCLatnfXmSYcXx8=
github.com/gorilla/websocket v1.3.0/go.mod h1:E7qHFY5m1UJ88s3WnNqhKjPHQ0heANvMoAMk2YaljkQ=
github.com/gorilla/websocket v1.4.0 h1:WDFjx/TMzVgy9VdMMQi2K2Emtwi2QcUQsztZ/zLaH/Q=
github.com/gorilla/websocket v1.4.0/go.mod h1:E7qHFY5m1UJ88s3WnNqhKjPHQ0heANvMoAMk2YaljkQ=
github.com/jonas747/dca v0.0.0-20180225204759-bf5d11669cdb h1:6u8N+V2H8wVdd7xPdwuSdHli1XWdd2bWP1+z8Qqu/Qg=
github.com/jonas747/dca v0.0.0-20180225204759-bf5d11669cdb/go.mod h1:rxjYX9OJU81unMxQDHChU/lAiOhlY9MV+faPX/NmwLk=
github.com/jonas747/dca v0.0.0-20190317094138-10e959e9d3e8 h1:k/3mvr7ImDZ8Ig/qcLVnvNSW99wlkbVyPDv4erwSQPQ=
github.com/jonas747/dca v0.0.0-20190317094138-10e959e9d3e8/go.mod h1:rxjYX9OJU81unMxQDHChU/lAiOhlY9MV+faPX/NmwLk=
github.com/jonas747/ogg v0.0.0-20161220051205-b4f6f4cf3757 h1:Kyv+zTfWIGRNaz/4+lS+CxvuKVZSKFz/6G8E3BKKBRs=
github.com/jonas747/ogg v0.0.0-20161220051205-b4f6f4cf3757/go.mod h1:cZnNmdLiLpihzgIVqiaQppi9Ts3D4qF/M45//yW35nI=
golang.org/x/crypto v0.0.0-20180830192347-182538f80094 h1:rVTAlhYa4+lCfNxmAIEOGQRoD23UqP72M3+rSWVGDTg=
golang.org/x/crypto v0.0.0-20180830192347-182538f80094/go.mod h1:6SG95UA2DQfeDnfUPMdvaQW0Q7yPrPDi9nlGo2tz2b4=
golang.org/x/crypto v0.0.0-20181030102418-4d3f4d9ffa16/go.mod h1:6SG95UA2DQfeDnfUPMdvaQW0Q7yPrPDi9nlGo2tz2b4=
golang.org/x/crypto v0.0.0-20190320223903-b7391e95e576 h1:aUX/1G2gFSs4AsJJg2cL3HuoRhCSCz733FE5GUSuaT4=
golang.org/x/crypto v0.0.0-20190320223903-b7391e95e576/go.mod h1:djNgcEr1/C05ACkg1iLfiJU5Ep61QUkGW8qpdssI0+w=
golang.org/x/sys v0.0.0-20190215142949-d0b11bdaac8a/go.mod h1:STP8DvDyc/dI5b8T5hshtkjS+E42TnysNCUPdjciGhY=
golang.org/x/sys v0.0.0-20190322080309-f49334f85ddc/go.mod h1:h1NjWce9XRLGQEsW7wpKNCjG9DtNlClVuFLEZdDNbEs=
